
Microsoft Visual Studio Solution File, Format Version 12.00
# Visual Studio Version 16
VisualStudioVersion = 16.0.32630.194
MinimumVisualStudioVersion = 10.0.40219.1
Project("{FAE04EC0-301F-11D3-BF4B-00C04F79EFBC}") = "Generic types, Collections", "Generic types, Collections.csproj", "{DDAB34EF-FE7C-4452-BB05-A088F5930CFE}"
EndProject
Global
	GlobalSection(SolutionConfigurationPlatforms) = preSolution
		Debug|Any CPU = Debug|Any CPU
		Release|Any CPU = Release|Any CPU
	EndGlobalSection
	GlobalSection(ProjectConfigurationPlatforms) = postSolution
		{DDAB34EF-FE7C-4452-BB05-A088F5930CFE}.Debug|Any CPU.ActiveCfg = Debug|Any CPU
		{DDAB34EF-FE7C-4452-BB05-A088F5930CFE}.Debug|Any CPU.Build.0 = Debug|Any CPU
		{DDAB34EF-FE7C-4452-BB05-A088F5930CFE}.Release|Any CPU.ActiveCfg = Release|Any CPU
		{DDAB34EF-FE7C-4452-BB05-A088F5930CFE}.Release|Any CPU.Build.0 = Release|Any CPU
	EndGlobalSection
	GlobalSection(SolutionProperties) = preSolution
		HideSolutionNode = FALSE
	EndGlobalSection
	GlobalSection(ExtensibilityGlobals) = postSolution
		SolutionGuid = {12F44517-688A-48DA-8F18-99CB95CDF8E9}
	EndGlobalSection
EndGlobal
